// !$*UTF8*$!
{
	archiveVersion = 1;
	classes = {
	};
	objectVersion = 50;
	objects = {

/* Begin PBXBuildFile section */
		598AC0DC24A9B6B0002F2ED3 /* BattleNetAPI.h in Headers */ = {isa = PBXBuildFile; fileRef = 598AC0DA24A9B6B0002F2ED3 /* BattleNetAPI.h */; settings = {ATTRIBUTES = (Public, ); }; };
		598AC0E024A9B6E2002F2ED3 /* AuthenticationModelController.swift in Sources */ = {isa = PBXBuildFile; fileRef = 59E425D92078A3930046EB84 /* AuthenticationModelController.swift */; };
		598AC0E124A9B6E4002F2ED3 /* Diablo3ModelController.swift in Sources */ = {isa = PBXBuildFile; fileRef = 59397CE4207C63E70077018E /* Diablo3ModelController.swift */; };
		598AC0E224A9B6E7002F2ED3 /* StarCraft2ModelController.swift in Sources */ = {isa = PBXBuildFile; fileRef = 59397CDB207C49070077018E /* StarCraft2ModelController.swift */; };
		598AC0E324A9B6EA002F2ED3 /* WorldOfWarcraftModelController.swift in Sources */ = {isa = PBXBuildFile; fileRef = 593B3474207ACBCA002C8BFB /* WorldOfWarcraftModelController.swift */; };
		598AC0E424A9B6EC002F2ED3 /* UserModelController.swift in Sources */ = {isa = PBXBuildFile; fileRef = 59397CD5207B534E0077018E /* UserModelController.swift */; };
		598AC0E524A9B6F5002F2ED3 /* Artisan.swift in Sources */ = {isa = PBXBuildFile; fileRef = 59397CE8207D11B30077018E /* Artisan.swift */; };
		598AC0E624A9B6F5002F2ED3 /* D3Skill.swift in Sources */ = {isa = PBXBuildFile; fileRef = 59397CEE207D5F890077018E /* D3Skill.swift */; };
		598AC0E724A9B6F5002F2ED3 /* D3Profile.swift in Sources */ = {isa = PBXBuildFile; fileRef = 59397CF2207DE0FE0077018E /* D3Profile.swift */; };
		598AC0E824A9B6F5002F2ED3 /* Hero.swift in Sources */ = {isa = PBXBuildFile; fileRef = 59397CF4207ECA450077018E /* Hero.swift */; };
		598AC0E924A9B6F5002F2ED3 /* D3Item.swift in Sources */ = {isa = PBXBuildFile; fileRef = 59397CF0207D899D0077018E /* D3Item.swift */; };
		598AC0EA24A9B6F5002F2ED3 /* Act.swift in Sources */ = {isa = PBXBuildFile; fileRef = 59397CE6207C65EC0077018E /* Act.swift */; };
		598AC0EB24A9B6F5002F2ED3 /* D3Class.swift in Sources */ = {isa = PBXBuildFile; fileRef = 59397CEC207D5DDB0077018E /* D3Class.swift */; };
		598AC0EC24A9B6F5002F2ED3 /* D3Leaderboard.swift in Sources */ = {isa = PBXBuildFile; fileRef = 5967ACB92087926B009BFBAF /* D3Leaderboard.swift */; };
		598AC0ED24A9B6F5002F2ED3 /* D3Season.swift in Sources */ = {isa = PBXBuildFile; fileRef = 593A3AEC208099A80047B4C0 /* D3Season.swift */; };
		598AC0EE24A9B6F5002F2ED3 /* Follower.swift in Sources */ = {isa = PBXBuildFile; fileRef = 59397CEA207D5CB50077018E /* Follower.swift */; };
		598AC0EF24A9B6F5002F2ED3 /* Era.swift in Sources */ = {isa = PBXBuildFile; fileRef = 5967ACB720878E0F009BFBAF /* Era.swift */; };
		598AC0F024A9B6FF002F2ED3 /* Scope.swift in Sources */ = {isa = PBXBuildFile; fileRef = 5954B1AE2079273000CC36D1 /* Scope.swift */; };
		598AC0F124A9B6FF002F2ED3 /* UserToken.swift in Sources */ = {isa = PBXBuildFile; fileRef = 5954B1B5207A882000CC36D1 /* UserToken.swift */; };
		598AC0F224A9B6FF002F2ED3 /* Access.swift in Sources */ = {isa = PBXBuildFile; fileRef = 59E425D620789AC40046EB84 /* Access.swift */; };
		598AC0F324A9B6FF002F2ED3 /* ClientToken.swift in Sources */ = {isa = PBXBuildFile; fileRef = 59E425DC2078AA4B0046EB84 /* ClientToken.swift */; };
		598AC0F424A9B704002F2ED3 /* SC2Criteria.swift in Sources */ = {isa = PBXBuildFile; fileRef = 59BD312221A0707B00C6102E /* SC2Criteria.swift */; };
		598AC0F524A9B704002F2ED3 /* SC2Profile.swift in Sources */ = {isa = PBXBuildFile; fileRef = 59BD311C21A061B600C6102E /* SC2Profile.swift */; };
		598AC0F624A9B704002F2ED3 /* League.swift in Sources */ = {isa = PBXBuildFile; fileRef = 5938675421FE94C90090DB98 /* League.swift */; };
		598AC0F724A9B704002F2ED3 /* Matches.swift in Sources */ = {isa = PBXBuildFile; fileRef = 593A3AEA208073300047B4C0 /* Matches.swift */; };
		598AC0F824A9B704002F2ED3 /* SC2Reward.swift in Sources */ = {isa = PBXBuildFile; fileRef = 59BD311E21A0702B00C6102E /* SC2Reward.swift */; };
		598AC0F924A9B704002F2ED3 /* LeagueEnums.swift in Sources */ = {isa = PBXBuildFile; fileRef = 5938675221FE830D0090DB98 /* LeagueEnums.swift */; };
		598AC0FA24A9B704002F2ED3 /* SC2Season.swift in Sources */ = {isa = PBXBuildFile; fileRef = 593F232022605F0E00C5F1F5 /* SC2Season.swift */; };
		598AC0FB24A9B704002F2ED3 /* SC2Achievement.swift in Sources */ = {isa = PBXBuildFile; fileRef = 59BD312021A0704600C6102E /* SC2Achievement.swift */; };
		598AC0FC24A9B704002F2ED3 /* Ladder.swift in Sources */ = {isa = PBXBuildFile; fileRef = 593A3AE820806A3C0047B4C0 /* Ladder.swift */; };
		598AC0FD24A9B704002F2ED3 /* SC2Category.swift in Sources */ = {isa = PBXBuildFile; fileRef = 59BD312421A070A400C6102E /* SC2Category.swift */; };
		598AC0FE24A9B709002F2ED3 /* Locale.swift in Sources */ = {isa = PBXBuildFile; fileRef = 593A3AF02081A34C0047B4C0 /* Locale.swift */; };
		598AC0FF24A9B709002F2ED3 /* Media.swift in Sources */ = {isa = PBXBuildFile; fileRef = 5967ACC8208975CE009BFBAF /* Media.swift */; };
		598AC10024A9B709002F2ED3 /* Image.swift in Sources */ = {isa = PBXBuildFile; fileRef = 593A3AE22080044F0047B4C0 /* Image.swift */; };
		598AC10124A9B709002F2ED3 /* ResourceLink.swift in Sources */ = {isa = PBXBuildFile; fileRef = 593A3AEE20809A750047B4C0 /* ResourceLink.swift */; };
		598AC10224A9B710002F2ED3 /* Challenge.swift in Sources */ = {isa = PBXBuildFile; fileRef = 5935FBB720952AB30068AF8A /* Challenge.swift */; };
		598AC10324A9B710002F2ED3 /* TokenIndex.swift in Sources */ = {isa = PBXBuildFile; fileRef = 59397CCB207B464A0077018E /* TokenIndex.swift */; };
		598AC10424A9B710002F2ED3 /* WOWAchievement.swift in Sources */ = {isa = PBXBuildFile; fileRef = 59255BDF208CE65F00CEF71A /* WOWAchievement.swift */; };
		598AC10524A9B710002F2ED3 /* Guild.swift in Sources */ = {isa = PBXBuildFile; fileRef = 59A21DFF20914093005C7EF6 /* Guild.swift */; };
		598AC10624A9B710002F2ED3 /* MythicChallengeMode.swift in Sources */ = {isa = PBXBuildFile; fileRef = 5967ACBB208871AF009BFBAF /* MythicChallengeMode.swift */; };
		598AC10724A9B710002F2ED3 /* Battlegroups.swift in Sources */ = {isa = PBXBuildFile; fileRef = 59A21DF9208EF5D4005C7EF6 /* Battlegroups.swift */; };
		598AC10824A9B710002F2ED3 /* WOWRecipe.swift in Sources */ = {isa = PBXBuildFile; fileRef = 59395096208ECE5B00EABFA2 /* WOWRecipe.swift */; };
		598AC10924A9B710002F2ED3 /* Realm.swift in Sources */ = {isa = PBXBuildFile; fileRef = 593B3478207AF548002C8BFB /* Realm.swift */; };
		598AC10A24A9B710002F2ED3 /* MythicKeystoneAffix.swift in Sources */ = {isa = PBXBuildFile; fileRef = 593F232222618AB700C5F1F5 /* MythicKeystoneAffix.swift */; };
		598AC10B24A9B710002F2ED3 /* WOWCharacter.swift in Sources */ = {isa = PBXBuildFile; fileRef = 59397CD3207B52000077018E /* WOWCharacter.swift */; };
		598AC10C24A9B710002F2ED3 /* WOWLeaderboard.swift in Sources */ = {isa = PBXBuildFile; fileRef = 59D09C4B208DA486006BB4B7 /* WOWLeaderboard.swift */; };
		598AC10D24A9B710002F2ED3 /* Region.swift in Sources */ = {isa = PBXBuildFile; fileRef = 593B347A207B31DF002C8BFB /* Region.swift */; };
		598AC10E24A9B710002F2ED3 /* MythicKeystoneProfile.swift in Sources */ = {isa = PBXBuildFile; fileRef = 599A5AC52266F2F7005D189E /* MythicKeystoneProfile.swift */; };
		598AC10F24A9B710002F2ED3 /* Perk.swift in Sources */ = {isa = PBXBuildFile; fileRef = 593E0D4A2091594D00164F3D /* Perk.swift */; };
		598AC11024A9B710002F2ED3 /* Specialization.swift in Sources */ = {isa = PBXBuildFile; fileRef = 5967ACC620893371009BFBAF /* Specialization.swift */; };
		598AC11124A9B710002F2ED3 /* Zone.swift in Sources */ = {isa = PBXBuildFile; fileRef = 5939509A208ED0C600EABFA2 /* Zone.swift */; };
		598AC11224A9B710002F2ED3 /* Mount.swift in Sources */ = {isa = PBXBuildFile; fileRef = 59D09C47208D624A006BB4B7 /* Mount.swift */; };
		598AC11324A9B710002F2ED3 /* Talent.swift in Sources */ = {isa = PBXBuildFile; fileRef = 5935FBB52094EDE40068AF8A /* Talent.swift */; };
		598AC11424A9B710002F2ED3 /* PowerType.swift in Sources */ = {isa = PBXBuildFile; fileRef = 593F23262263236600C5F1F5 /* PowerType.swift */; };
		598AC11524A9B710002F2ED3 /* WOWItem.swift in Sources */ = {isa = PBXBuildFile; fileRef = 59255BE1208CE75C00CEF71A /* WOWItem.swift */; };
		598AC11624A9B710002F2ED3 /* Spell.swift in Sources */ = {isa = PBXBuildFile; fileRef = 59395098208ECFE000EABFA2 /* Spell.swift */; };
		598AC11724A9B710002F2ED3 /* User.swift in Sources */ = {isa = PBXBuildFile; fileRef = 59397CD7207B53800077018E /* User.swift */; };
		598AC11824A9B710002F2ED3 /* WOWClass.swift in Sources */ = {isa = PBXBuildFile; fileRef = 5967ACBD20887587009BFBAF /* WOWClass.swift */; };
		598AC11924A9B710002F2ED3 /* Boss.swift in Sources */ = {isa = PBXBuildFile; fileRef = 59255BE5208D097800CEF71A /* Boss.swift */; };
		598AC11A24A9B710002F2ED3 /* WOWQuest.swift in Sources */ = {isa = PBXBuildFile; fileRef = 59395094208EB32D00EABFA2 /* WOWQuest.swift */; };
		598AC11B24A9B710002F2ED3 /* MythicKeystoneDungeon.swift in Sources */ = {isa = PBXBuildFile; fileRef = 593F23242262515A00C5F1F5 /* MythicKeystoneDungeon.swift */; };
		598AC11C24A9B710002F2ED3 /* MythicLeaderboard.swift in Sources */ = {isa = PBXBuildFile; fileRef = 59397CCF207B49F60077018E /* MythicLeaderboard.swift */; };
		598AC11D24A9B710002F2ED3 /* ConnectedRealm.swift in Sources */ = {isa = PBXBuildFile; fileRef = 59397CCD207B488D0077018E /* ConnectedRealm.swift */; };
		598AC11E24A9B710002F2ED3 /* Auction.swift in Sources */ = {isa = PBXBuildFile; fileRef = 59255BE3208CF71200CEF71A /* Auction.swift */; };
		598AC11F24A9B710002F2ED3 /* Pet.swift in Sources */ = {isa = PBXBuildFile; fileRef = 59D09C49208D75E4006BB4B7 /* Pet.swift */; };
		598AC12124A9B71F002F2ED3 /* API_Enums.swift in Sources */ = {isa = PBXBuildFile; fileRef = 5941816722A4D3B00078B7D2 /* API_Enums.swift */; };
		598AC12224A9B71F002F2ED3 /* WS_StarCraft2.swift in Sources */ = {isa = PBXBuildFile; fileRef = 59397CD9207C47EB0077018E /* WS_StarCraft2.swift */; };
		598AC12324A9B71F002F2ED3 /* BattleNetAPI.swift in Sources */ = {isa = PBXBuildFile; fileRef = 59E425D3207884DE0046EB84 /* BattleNetAPI.swift */; };
		598AC12424A9B71F002F2ED3 /* WebService.swift in Sources */ = {isa = PBXBuildFile; fileRef = 59E425CF20787F990046EB84 /* WebService.swift */; };
		598AC12524A9B71F002F2ED3 /* Network.swift in Sources */ = {isa = PBXBuildFile; fileRef = 59E425C9207872EC0046EB84 /* Network.swift */; };
		598AC12624A9B71F002F2ED3 /* WS_User.swift in Sources */ = {isa = PBXBuildFile; fileRef = 59397CD1207B50520077018E /* WS_User.swift */; };
		598AC12724A9B71F002F2ED3 /* HTTPError.swift in Sources */ = {isa = PBXBuildFile; fileRef = 59E425CB207874450046EB84 /* HTTPError.swift */; };
		598AC12824A9B71F002F2ED3 /* HTTPWebService.swift in Sources */ = {isa = PBXBuildFile; fileRef = 59B7BD1A24A9689000B7CAC7 /* HTTPWebService.swift */; };
		598AC12924A9B71F002F2ED3 /* WS_Diablo3.swift in Sources */ = {isa = PBXBuildFile; fileRef = 59397CDF207C5FE20077018E /* WS_Diablo3.swift */; };
		598AC12A24A9B71F002F2ED3 /* APICall.swift in Sources */ = {isa = PBXBuildFile; fileRef = 59B7BD1824A9667800B7CAC7 /* APICall.swift */; };
		598AC12B24A9B71F002F2ED3 /* WS_WorldOfWarcraft.swift in Sources */ = {isa = PBXBuildFile; fileRef = 5954B1B9207A9D2900CC36D1 /* WS_WorldOfWarcraft.swift */; };
		598AC12C24A9B71F002F2ED3 /* WS_Authentication.swift in Sources */ = {isa = PBXBuildFile; fileRef = 59E425CD20787F640046EB84 /* WS_Authentication.swift */; };
		598AC12D24A9B71F002F2ED3 /* HTTPHeader.swift in Sources */ = {isa = PBXBuildFile; fileRef = 59E425D120787FEF0046EB84 /* HTTPHeader.swift */; };
		598AC12F24A9B731002F2ED3 /* URLSession+Request.swift in Sources */ = {isa = PBXBuildFile; fileRef = 59B7BD1E24A96E5F00B7CAC7 /* URLSession+Request.swift */; };
		598AC13024A9B731002F2ED3 /* Result.swift in Sources */ = {isa = PBXBuildFile; fileRef = 593F23282265329F00C5F1F5 /* Result.swift */; };
		598AC13124A9B731002F2ED3 /* URLRequest+.swift in Sources */ = {isa = PBXBuildFile; fileRef = 59B7BD2024A96F7C00B7CAC7 /* URLRequest+.swift */; };
		598AC13224A9B731002F2ED3 /* Publisher+JSON.swift in Sources */ = {isa = PBXBuildFile; fileRef = 59B7BD1C24A96E0000B7CAC7 /* Publisher+JSON.swift */; };
		598AC13524A9B731002F2ED3 /* URL+Query.swift in Sources */ = {isa = PBXBuildFile; fileRef = 5967ACC22088DC85009BFBAF /* URL+Query.swift */; };
		598AC13624A9B731002F2ED3 /* JSONHelper.swift in Sources */ = {isa = PBXBuildFile; fileRef = 5954B1B7207A8B7900CC36D1 /* JSONHelper.swift */; };
		598AC17524AB0484002F2ED3 /* AuthenticationManager.swift in Sources */ = {isa = PBXBuildFile; fileRef = 593B3476207ACEFD002C8BFB /* AuthenticationManager.swift */; };
		598AC17624AB04A1002F2ED3 /* AuthToken.swift in Sources */ = {isa = PBXBuildFile; fileRef = 833278A02180FD5F00BE02E1 /* AuthToken.swift */; };
		598AC18124AB1350002F2ED3 /* BattleNetAPI.framework in Frameworks */ = {isa = PBXBuildFile; fileRef = 598AC0D824A9B6B0002F2ED3 /* BattleNetAPI.framework */; };
		598AC18724AB1380002F2ED3 /* BattleNetAPITests.swift in Sources */ = {isa = PBXBuildFile; fileRef = 59E425B8207871C50046EB84 /* BattleNetAPITests.swift */; };
		598AC18924AB13A6002F2ED3 /* AuthenticationTests.swift in Sources */ = {isa = PBXBuildFile; fileRef = 591981F4209AD41200ADE60F /* AuthenticationTests.swift */; };
		598AC18A24AB13A8002F2ED3 /* Diablo3Tests.swift in Sources */ = {isa = PBXBuildFile; fileRef = 591981F7209AE9C500ADE60F /* Diablo3Tests.swift */; };
		598AC18B24AB13AA002F2ED3 /* StarCraft2Tests.swift in Sources */ = {isa = PBXBuildFile; fileRef = 591981F9209AF14C00ADE60F /* StarCraft2Tests.swift */; };
		598AC18C24AB13AB002F2ED3 /* WorldOfWarcraftTests.swift in Sources */ = {isa = PBXBuildFile; fileRef = 591981FB209AF17600ADE60F /* WorldOfWarcraftTests.swift */; };
		59BC551624AB22A300E6F312 /* AuthToken.swift in Sources */ = {isa = PBXBuildFile; fileRef = 833278A02180FD5F00BE02E1 /* AuthToken.swift */; };
/* End PBXBuildFile section */

/* Begin PBXContainerItemProxy section */
		598AC18224AB1350002F2ED3 /* PBXContainerItemProxy */ = {
			isa = PBXContainerItemProxy;
			containerPortal = 59E42598207871C20046EB84 /* Project object */;
			proxyType = 1;
			remoteGlobalIDString = 598AC0D724A9B6B0002F2ED3;
			remoteInfo = BattleNetAPI;
		};
/* End PBXContainerItemProxy section */

/* Begin PBXFileReference section */
		591981F4209AD41200ADE60F /* AuthenticationTests.swift */ = {isa = PBXFileReference; lastKnownFileType = sourcecode.swift; path = AuthenticationTests.swift; sourceTree = "<group>"; };
		591981F7209AE9C500ADE60F /* Diablo3Tests.swift */ = {isa = PBXFileReference; lastKnownFileType = sourcecode.swift; path = Diablo3Tests.swift; sourceTree = "<group>"; };
		591981F9209AF14C00ADE60F /* StarCraft2Tests.swift */ = {isa = PBXFileReference; lastKnownFileType = sourcecode.swift; path = StarCraft2Tests.swift; sourceTree = "<group>"; };
		591981FB209AF17600ADE60F /* WorldOfWarcraftTests.swift */ = {isa = PBXFileReference; lastKnownFileType = sourcecode.swift; path = WorldOfWarcraftTests.swift; sourceTree = "<group>"; };
		59255BDF208CE65F00CEF71A /* WOWAchievement.swift */ = {isa = PBXFileReference; lastKnownFileType = sourcecode.swift; path = WOWAchievement.swift; sourceTree = "<group>"; };
		59255BE1208CE75C00CEF71A /* WOWItem.swift */ = {isa = PBXFileReference; lastKnownFileType = sourcecode.swift; path = WOWItem.swift; sourceTree = "<group>"; };
		59255BE3208CF71200CEF71A /* Auction.swift */ = {isa = PBXFileReference; lastKnownFileType = sourcecode.swift; path = Auction.swift; sourceTree = "<group>"; };
		59255BE5208D097800CEF71A /* Boss.swift */ = {isa = PBXFileReference; lastKnownFileType = sourcecode.swift; path = Boss.swift; sourceTree = "<group>"; };
		5935FBB52094EDE40068AF8A /* Talent.swift */ = {isa = PBXFileReference; lastKnownFileType = sourcecode.swift; path = Talent.swift; sourceTree = "<group>"; };
		5935FBB720952AB30068AF8A /* Challenge.swift */ = {isa = PBXFileReference; lastKnownFileType = sourcecode.swift; path = Challenge.swift; sourceTree = "<group>"; };
		5938675221FE830D0090DB98 /* LeagueEnums.swift */ = {isa = PBXFileReference; lastKnownFileType = sourcecode.swift; path = LeagueEnums.swift; sourceTree = "<group>"; };
		5938675421FE94C90090DB98 /* League.swift */ = {isa = PBXFileReference; lastKnownFileType = sourcecode.swift; path = League.swift; sourceTree = "<group>"; };
		59395094208EB32D00EABFA2 /* WOWQuest.swift */ = {isa = PBXFileReference; lastKnownFileType = sourcecode.swift; path = WOWQuest.swift; sourceTree = "<group>"; };
		59395096208ECE5B00EABFA2 /* WOWRecipe.swift */ = {isa = PBXFileReference; lastKnownFileType = sourcecode.swift; path = WOWRecipe.swift; sourceTree = "<group>"; };
		59395098208ECFE000EABFA2 /* Spell.swift */ = {isa = PBXFileReference; lastKnownFileType = sourcecode.swift; path = Spell.swift; sourceTree = "<group>"; };
		5939509A208ED0C600EABFA2 /* Zone.swift */ = {isa = PBXFileReference; lastKnownFileType = sourcecode.swift; path = Zone.swift; sourceTree = "<group>"; };
		59397CCB207B464A0077018E /* TokenIndex.swift */ = {isa = PBXFileReference; lastKnownFileType = sourcecode.swift; path = TokenIndex.swift; sourceTree = "<group>"; };
		59397CCD207B488D0077018E /* ConnectedRealm.swift */ = {isa = PBXFileReference; lastKnownFileType = sourcecode.swift; path = ConnectedRealm.swift; sourceTree = "<group>"; };
		59397CCF207B49F60077018E /* MythicLeaderboard.swift */ = {isa = PBXFileReference; lastKnownFileType = sourcecode.swift; path = MythicLeaderboard.swift; sourceTree = "<group>"; };
		59397CD1207B50520077018E /* WS_User.swift */ = {isa = PBXFileReference; lastKnownFileType = sourcecode.swift; path = WS_User.swift; sourceTree = "<group>"; };
		59397CD3207B52000077018E /* WOWCharacter.swift */ = {isa = PBXFileReference; lastKnownFileType = sourcecode.swift; path = WOWCharacter.swift; sourceTree = "<group>"; };
		59397CD5207B534E0077018E /* UserModelController.swift */ = {isa = PBXFileReference; lastKnownFileType = sourcecode.swift; path = UserModelController.swift; sourceTree = "<group>"; };
		59397CD7207B53800077018E /* User.swift */ = {isa = PBXFileReference; lastKnownFileType = sourcecode.swift; path = User.swift; sourceTree = "<group>"; };
		59397CD9207C47EB0077018E /* WS_StarCraft2.swift */ = {isa = PBXFileReference; lastKnownFileType = sourcecode.swift; path = WS_StarCraft2.swift; sourceTree = "<group>"; };
		59397CDB207C49070077018E /* StarCraft2ModelController.swift */ = {isa = PBXFileReference; lastKnownFileType = sourcecode.swift; path = StarCraft2ModelController.swift; sourceTree = "<group>"; };
		59397CDF207C5FE20077018E /* WS_Diablo3.swift */ = {isa = PBXFileReference; lastKnownFileType = sourcecode.swift; path = WS_Diablo3.swift; sourceTree = "<group>"; };
		59397CE4207C63E70077018E /* Diablo3ModelController.swift */ = {isa = PBXFileReference; lastKnownFileType = sourcecode.swift; path = Diablo3ModelController.swift; sourceTree = "<group>"; };
		59397CE6207C65EC0077018E /* Act.swift */ = {isa = PBXFileReference; lastKnownFileType = sourcecode.swift; path = Act.swift; sourceTree = "<group>"; };
		59397CE8207D11B30077018E /* Artisan.swift */ = {isa = PBXFileReference; lastKnownFileType = sourcecode.swift; path = Artisan.swift; sourceTree = "<group>"; };
		59397CEA207D5CB50077018E /* Follower.swift */ = {isa = PBXFileReference; lastKnownFileType = sourcecode.swift; path = Follower.swift; sourceTree = "<group>"; };
		59397CEC207D5DDB0077018E /* D3Class.swift */ = {isa = PBXFileReference; lastKnownFileType = sourcecode.swift; path = D3Class.swift; sourceTree = "<group>"; };
		59397CEE207D5F890077018E /* D3Skill.swift */ = {isa = PBXFileReference; lastKnownFileType = sourcecode.swift; path = D3Skill.swift; sourceTree = "<group>"; };
		59397CF0207D899D0077018E /* D3Item.swift */ = {isa = PBXFileReference; lastKnownFileType = sourcecode.swift; path = D3Item.swift; sourceTree = "<group>"; };
		59397CF2207DE0FE0077018E /* D3Profile.swift */ = {isa = PBXFileReference; lastKnownFileType = sourcecode.swift; path = D3Profile.swift; sourceTree = "<group>"; };
		59397CF4207ECA450077018E /* Hero.swift */ = {isa = PBXFileReference; lastKnownFileType = sourcecode.swift; path = Hero.swift; sourceTree = "<group>"; };
		593A3AE22080044F0047B4C0 /* Image.swift */ = {isa = PBXFileReference; lastKnownFileType = sourcecode.swift; path = Image.swift; sourceTree = "<group>"; };
		593A3AE820806A3C0047B4C0 /* Ladder.swift */ = {isa = PBXFileReference; lastKnownFileType = sourcecode.swift; path = Ladder.swift; sourceTree = "<group>"; };
		593A3AEA208073300047B4C0 /* Matches.swift */ = {isa = PBXFileReference; lastKnownFileType = sourcecode.swift; path = Matches.swift; sourceTree = "<group>"; };
		593A3AEC208099A80047B4C0 /* D3Season.swift */ = {isa = PBXFileReference; lastKnownFileType = sourcecode.swift; path = D3Season.swift; sourceTree = "<group>"; };
		593A3AEE20809A750047B4C0 /* ResourceLink.swift */ = {isa = PBXFileReference; lastKnownFileType = sourcecode.swift; path = ResourceLink.swift; sourceTree = "<group>"; };
		593A3AF02081A34C0047B4C0 /* Locale.swift */ = {isa = PBXFileReference; lastKnownFileType = sourcecode.swift; path = Locale.swift; sourceTree = "<group>"; };
		593B3474207ACBCA002C8BFB /* WorldOfWarcraftModelController.swift */ = {isa = PBXFileReference; lastKnownFileType = sourcecode.swift; path = WorldOfWarcraftModelController.swift; sourceTree = "<group>"; };
		593B3476207ACEFD002C8BFB /* AuthenticationManager.swift */ = {isa = PBXFileReference; lastKnownFileType = sourcecode.swift; path = AuthenticationManager.swift; sourceTree = "<group>"; };
		593B3478207AF548002C8BFB /* Realm.swift */ = {isa = PBXFileReference; lastKnownFileType = sourcecode.swift; path = Realm.swift; sourceTree = "<group>"; };
		593B347A207B31DF002C8BFB /* Region.swift */ = {isa = PBXFileReference; lastKnownFileType = sourcecode.swift; path = Region.swift; sourceTree = "<group>"; };
		593E0D4A2091594D00164F3D /* Perk.swift */ = {isa = PBXFileReference; lastKnownFileType = sourcecode.swift; path = Perk.swift; sourceTree = "<group>"; };
		593F232022605F0E00C5F1F5 /* SC2Season.swift */ = {isa = PBXFileReference; lastKnownFileType = sourcecode.swift; path = SC2Season.swift; sourceTree = "<group>"; };
		593F232222618AB700C5F1F5 /* MythicKeystoneAffix.swift */ = {isa = PBXFileReference; lastKnownFileType = sourcecode.swift; path = MythicKeystoneAffix.swift; sourceTree = "<group>"; };
		593F23242262515A00C5F1F5 /* MythicKeystoneDungeon.swift */ = {isa = PBXFileReference; lastKnownFileType = sourcecode.swift; path = MythicKeystoneDungeon.swift; sourceTree = "<group>"; };
		593F23262263236600C5F1F5 /* PowerType.swift */ = {isa = PBXFileReference; lastKnownFileType = sourcecode.swift; path = PowerType.swift; sourceTree = "<group>"; };
		593F23282265329F00C5F1F5 /* Result.swift */ = {isa = PBXFileReference; lastKnownFileType = sourcecode.swift; path = Result.swift; sourceTree = "<group>"; };
		5941816722A4D3B00078B7D2 /* API_Enums.swift */ = {isa = PBXFileReference; lastKnownFileType = sourcecode.swift; path = API_Enums.swift; sourceTree = "<group>"; };
		5954B1AE2079273000CC36D1 /* Scope.swift */ = {isa = PBXFileReference; lastKnownFileType = sourcecode.swift; path = Scope.swift; sourceTree = "<group>"; };
		5954B1B5207A882000CC36D1 /* UserToken.swift */ = {isa = PBXFileReference; lastKnownFileType = sourcecode.swift; path = UserToken.swift; sourceTree = "<group>"; };
		5954B1B7207A8B7900CC36D1 /* JSONHelper.swift */ = {isa = PBXFileReference; lastKnownFileType = sourcecode.swift; path = JSONHelper.swift; sourceTree = "<group>"; };
		5954B1B9207A9D2900CC36D1 /* WS_WorldOfWarcraft.swift */ = {isa = PBXFileReference; lastKnownFileType = sourcecode.swift; path = WS_WorldOfWarcraft.swift; sourceTree = "<group>"; };
		5967ACB720878E0F009BFBAF /* Era.swift */ = {isa = PBXFileReference; lastKnownFileType = sourcecode.swift; path = Era.swift; sourceTree = "<group>"; };
		5967ACB92087926B009BFBAF /* D3Leaderboard.swift */ = {isa = PBXFileReference; lastKnownFileType = sourcecode.swift; path = D3Leaderboard.swift; sourceTree = "<group>"; };
		5967ACBB208871AF009BFBAF /* MythicChallengeMode.swift */ = {isa = PBXFileReference; lastKnownFileType = sourcecode.swift; path = MythicChallengeMode.swift; sourceTree = "<group>"; };
		5967ACBD20887587009BFBAF /* WOWClass.swift */ = {isa = PBXFileReference; lastKnownFileType = sourcecode.swift; path = WOWClass.swift; sourceTree = "<group>"; };
		5967ACC22088DC85009BFBAF /* URL+Query.swift */ = {isa = PBXFileReference; lastKnownFileType = sourcecode.swift; path = "URL+Query.swift"; sourceTree = "<group>"; };
		5967ACC620893371009BFBAF /* Specialization.swift */ = {isa = PBXFileReference; lastKnownFileType = sourcecode.swift; path = Specialization.swift; sourceTree = "<group>"; };
		5967ACC8208975CE009BFBAF /* Media.swift */ = {isa = PBXFileReference; lastKnownFileType = sourcecode.swift; path = Media.swift; sourceTree = "<group>"; };
		598AC0D824A9B6B0002F2ED3 /* BattleNetAPI.framework */ = {isa = PBXFileReference; explicitFileType = wrapper.framework; includeInIndex = 0; path = BattleNetAPI.framework; sourceTree = BUILT_PRODUCTS_DIR; };
		598AC0DA24A9B6B0002F2ED3 /* BattleNetAPI.h */ = {isa = PBXFileReference; lastKnownFileType = sourcecode.c.h; path = BattleNetAPI.h; sourceTree = "<group>"; };
		598AC17C24AB1350002F2ED3 /* BattleNetAPITests.xctest */ = {isa = PBXFileReference; explicitFileType = wrapper.cfbundle; includeInIndex = 0; path = BattleNetAPITests.xctest; sourceTree = BUILT_PRODUCTS_DIR; };
		599A5AC52266F2F7005D189E /* MythicKeystoneProfile.swift */ = {isa = PBXFileReference; lastKnownFileType = sourcecode.swift; path = MythicKeystoneProfile.swift; sourceTree = "<group>"; };
		59A21DF9208EF5D4005C7EF6 /* Battlegroups.swift */ = {isa = PBXFileReference; lastKnownFileType = sourcecode.swift; path = Battlegroups.swift; sourceTree = "<group>"; };
		59A21DFF20914093005C7EF6 /* Guild.swift */ = {isa = PBXFileReference; lastKnownFileType = sourcecode.swift; path = Guild.swift; sourceTree = "<group>"; };
		59B7BD1824A9667800B7CAC7 /* APICall.swift */ = {isa = PBXFileReference; lastKnownFileType = sourcecode.swift; path = APICall.swift; sourceTree = "<group>"; };
		59B7BD1A24A9689000B7CAC7 /* HTTPWebService.swift */ = {isa = PBXFileReference; lastKnownFileType = sourcecode.swift; path = HTTPWebService.swift; sourceTree = "<group>"; };
		59B7BD1C24A96E0000B7CAC7 /* Publisher+JSON.swift */ = {isa = PBXFileReference; lastKnownFileType = sourcecode.swift; path = "Publisher+JSON.swift"; sourceTree = "<group>"; };
		59B7BD1E24A96E5F00B7CAC7 /* URLSession+Request.swift */ = {isa = PBXFileReference; lastKnownFileType = sourcecode.swift; path = "URLSession+Request.swift"; sourceTree = "<group>"; };
		59B7BD2024A96F7C00B7CAC7 /* URLRequest+.swift */ = {isa = PBXFileReference; lastKnownFileType = sourcecode.swift; path = "URLRequest+.swift"; sourceTree = "<group>"; };
		59BD311C21A061B600C6102E /* SC2Profile.swift */ = {isa = PBXFileReference; lastKnownFileType = sourcecode.swift; path = SC2Profile.swift; sourceTree = "<group>"; };
		59BD311E21A0702B00C6102E /* SC2Reward.swift */ = {isa = PBXFileReference; lastKnownFileType = sourcecode.swift; path = SC2Reward.swift; sourceTree = "<group>"; };
		59BD312021A0704600C6102E /* SC2Achievement.swift */ = {isa = PBXFileReference; lastKnownFileType = sourcecode.swift; path = SC2Achievement.swift; sourceTree = "<group>"; };
		59BD312221A0707B00C6102E /* SC2Criteria.swift */ = {isa = PBXFileReference; lastKnownFileType = sourcecode.swift; path = SC2Criteria.swift; sourceTree = "<group>"; };
		59BD312421A070A400C6102E /* SC2Category.swift */ = {isa = PBXFileReference; lastKnownFileType = sourcecode.swift; path = SC2Category.swift; sourceTree = "<group>"; };
		59D09C47208D624A006BB4B7 /* Mount.swift */ = {isa = PBXFileReference; lastKnownFileType = sourcecode.swift; path = Mount.swift; sourceTree = "<group>"; };
		59D09C49208D75E4006BB4B7 /* Pet.swift */ = {isa = PBXFileReference; lastKnownFileType = sourcecode.swift; path = Pet.swift; sourceTree = "<group>"; };
		59D09C4B208DA486006BB4B7 /* WOWLeaderboard.swift */ = {isa = PBXFileReference; lastKnownFileType = sourcecode.swift; path = WOWLeaderboard.swift; sourceTree = "<group>"; };
		59E425AF207871C50046EB84 /* Info.plist */ = {isa = PBXFileReference; lastKnownFileType = text.plist.xml; path = Info.plist; sourceTree = "<group>"; };
		59E425B8207871C50046EB84 /* BattleNetAPITests.swift */ = {isa = PBXFileReference; lastKnownFileType = sourcecode.swift; path = BattleNetAPITests.swift; sourceTree = "<group>"; };
		59E425BA207871C50046EB84 /* Info.plist */ = {isa = PBXFileReference; lastKnownFileType = text.plist.xml; path = Info.plist; sourceTree = "<group>"; };
		59E425C9207872EC0046EB84 /* Network.swift */ = {isa = PBXFileReference; lastKnownFileType = sourcecode.swift; path = Network.swift; sourceTree = "<group>"; };
		59E425CB207874450046EB84 /* HTTPError.swift */ = {isa = PBXFileReference; lastKnownFileType = sourcecode.swift; path = HTTPError.swift; sourceTree = "<group>"; };
		59E425CD20787F640046EB84 /* WS_Authentication.swift */ = {isa = PBXFileReference; lastKnownFileType = sourcecode.swift; path = WS_Authentication.swift; sourceTree = "<group>"; };
		59E425CF20787F990046EB84 /* WebService.swift */ = {isa = PBXFileReference; lastKnownFileType = sourcecode.swift; path = WebService.swift; sourceTree = "<group>"; };
		59E425D120787FEF0046EB84 /* HTTPHeader.swift */ = {isa = PBXFileReference; lastKnownFileType = sourcecode.swift; path = HTTPHeader.swift; sourceTree = "<group>"; };
		59E425D3207884DE0046EB84 /* BattleNetAPI.swift */ = {isa = PBXFileReference; lastKnownFileType = sourcecode.swift; path = BattleNetAPI.swift; sourceTree = "<group>"; };
		59E425D620789AC40046EB84 /* Access.swift */ = {isa = PBXFileReference; lastKnownFileType = sourcecode.swift; path = Access.swift; sourceTree = "<group>"; };
		59E425D92078A3930046EB84 /* AuthenticationModelController.swift */ = {isa = PBXFileReference; lastKnownFileType = sourcecode.swift; path = AuthenticationModelController.swift; sourceTree = "<group>"; };
		59E425DC2078AA4B0046EB84 /* ClientToken.swift */ = {isa = PBXFileReference; lastKnownFileType = sourcecode.swift; path = ClientToken.swift; sourceTree = "<group>"; };
		833278A02180FD5F00BE02E1 /* AuthToken.swift */ = {isa = PBXFileReference; lastKnownFileType = sourcecode.swift; path = AuthToken.swift; sourceTree = "<group>"; };
/* End PBXFileReference section */

/* Begin PBXFrameworksBuildPhase section */
		598AC0D524A9B6B0002F2ED3 /* Frameworks */ = {
			isa = PBXFrameworksBuildPhase;
			buildActionMask = 2147483647;
			files = (
			);
			runOnlyForDeploymentPostprocessing = 0;
		};
		598AC17924AB1350002F2ED3 /* Frameworks */ = {
			isa = PBXFrameworksBuildPhase;
			buildActionMask = 2147483647;
			files = (
				598AC18124AB1350002F2ED3 /* BattleNetAPI.framework in Frameworks */,
			);
			runOnlyForDeploymentPostprocessing = 0;
		};
/* End PBXFrameworksBuildPhase section */

/* Begin PBXGroup section */
		59397CE1207C61D10077018E /* WOW */ = {
			isa = PBXGroup;
			children = (
				59255BE3208CF71200CEF71A /* Auction.swift */,
				59A21DF9208EF5D4005C7EF6 /* Battlegroups.swift */,
				59255BE5208D097800CEF71A /* Boss.swift */,
				5935FBB720952AB30068AF8A /* Challenge.swift */,
				59397CCD207B488D0077018E /* ConnectedRealm.swift */,
				59A21DFF20914093005C7EF6 /* Guild.swift */,
				59D09C47208D624A006BB4B7 /* Mount.swift */,
				5967ACBB208871AF009BFBAF /* MythicChallengeMode.swift */,
				593F232222618AB700C5F1F5 /* MythicKeystoneAffix.swift */,
				593F23242262515A00C5F1F5 /* MythicKeystoneDungeon.swift */,
				599A5AC52266F2F7005D189E /* MythicKeystoneProfile.swift */,
				59397CCF207B49F60077018E /* MythicLeaderboard.swift */,
				59D09C49208D75E4006BB4B7 /* Pet.swift */,
				593E0D4A2091594D00164F3D /* Perk.swift */,
				593F23262263236600C5F1F5 /* PowerType.swift */,
				593B3478207AF548002C8BFB /* Realm.swift */,
				593B347A207B31DF002C8BFB /* Region.swift */,
				5967ACC620893371009BFBAF /* Specialization.swift */,
				59395098208ECFE000EABFA2 /* Spell.swift */,
				5935FBB52094EDE40068AF8A /* Talent.swift */,
				59397CCB207B464A0077018E /* TokenIndex.swift */,
				59397CD7207B53800077018E /* User.swift */,
				59255BDF208CE65F00CEF71A /* WOWAchievement.swift */,
				59397CD3207B52000077018E /* WOWCharacter.swift */,
				5967ACBD20887587009BFBAF /* WOWClass.swift */,
				59255BE1208CE75C00CEF71A /* WOWItem.swift */,
				59D09C4B208DA486006BB4B7 /* WOWLeaderboard.swift */,
				59395094208EB32D00EABFA2 /* WOWQuest.swift */,
				59395096208ECE5B00EABFA2 /* WOWRecipe.swift */,
				5939509A208ED0C600EABFA2 /* Zone.swift */,
			);
			path = WOW;
			sourceTree = "<group>";
		};
		59397CE2207C620A0077018E /* SC2 */ = {
			isa = PBXGroup;
			children = (
				593A3AE820806A3C0047B4C0 /* Ladder.swift */,
				5938675421FE94C90090DB98 /* League.swift */,
				5938675221FE830D0090DB98 /* LeagueEnums.swift */,
				593A3AEA208073300047B4C0 /* Matches.swift */,
				59BD312021A0704600C6102E /* SC2Achievement.swift */,
				59BD312421A070A400C6102E /* SC2Category.swift */,
				59BD312221A0707B00C6102E /* SC2Criteria.swift */,
				59BD311C21A061B600C6102E /* SC2Profile.swift */,
				593F232022605F0E00C5F1F5 /* SC2Season.swift */,
				59BD311E21A0702B00C6102E /* SC2Reward.swift */,
			);
			path = SC2;
			sourceTree = "<group>";
		};
		59397CE3207C63CC0077018E /* D3 */ = {
			isa = PBXGroup;
			children = (
				59397CE6207C65EC0077018E /* Act.swift */,
				59397CE8207D11B30077018E /* Artisan.swift */,
				59397CEC207D5DDB0077018E /* D3Class.swift */,
				59397CF0207D899D0077018E /* D3Item.swift */,
				5967ACB92087926B009BFBAF /* D3Leaderboard.swift */,
				59397CF2207DE0FE0077018E /* D3Profile.swift */,
				593A3AEC208099A80047B4C0 /* D3Season.swift */,
				59397CEE207D5F890077018E /* D3Skill.swift */,
				5967ACB720878E0F009BFBAF /* Era.swift */,
				59397CF4207ECA450077018E /* Hero.swift */,
				59397CEA207D5CB50077018E /* Follower.swift */,
			);
			path = D3;
			sourceTree = "<group>";
		};
		593A3AE12080042A0047B4C0 /* Shared */ = {
			isa = PBXGroup;
			children = (
				593A3AE22080044F0047B4C0 /* Image.swift */,
				593A3AF02081A34C0047B4C0 /* Locale.swift */,
				5967ACC8208975CE009BFBAF /* Media.swift */,
				593A3AEE20809A750047B4C0 /* ResourceLink.swift */,
			);
			path = Shared;
			sourceTree = "<group>";
		};
		5941816622A4CC550078B7D2 /* Network */ = {
			isa = PBXGroup;
			children = (
				59E425D620789AC40046EB84 /* Access.swift */,
				59E425DC2078AA4B0046EB84 /* ClientToken.swift */,
				5954B1AE2079273000CC36D1 /* Scope.swift */,
				5954B1B5207A882000CC36D1 /* UserToken.swift */,
			);
			path = Network;
			sourceTree = "<group>";
		};
		5941816922A588150078B7D2 /* Auth */ = {
			isa = PBXGroup;
			children = (
				593B3476207ACEFD002C8BFB /* AuthenticationManager.swift */,
				833278A02180FD5F00BE02E1 /* AuthToken.swift */,
			);
			path = Auth;
			sourceTree = "<group>";
		};
		598AC17724AB11BF002F2ED3 /* Resources */ = {
			isa = PBXGroup;
			children = (
				598AC0DA24A9B6B0002F2ED3 /* BattleNetAPI.h */,
				59E425AF207871C50046EB84 /* Info.plist */,
			);
			path = Resources;
			sourceTree = "<group>";
		};
		59E42597207871C20046EB84 = {
			isa = PBXGroup;
			children = (
				59E425A2207871C20046EB84 /* BattleNetAPI */,
				59E425B7207871C50046EB84 /* BattleNetAPITests */,
				598AC17724AB11BF002F2ED3 /* Resources */,
				59E425A1207871C20046EB84 /* Products */,
			);
			sourceTree = "<group>";
		};
		59E425A1207871C20046EB84 /* Products */ = {
			isa = PBXGroup;
			children = (
				598AC0D824A9B6B0002F2ED3 /* BattleNetAPI.framework */,
				598AC17C24AB1350002F2ED3 /* BattleNetAPITests.xctest */,
			);
			name = Products;
			sourceTree = "<group>";
		};
		59E425A2207871C20046EB84 /* BattleNetAPI */ = {
			isa = PBXGroup;
			children = (
				59E425C5207871FD0046EB84 /* Model */,
				59E425D520789A5C0046EB84 /* Network */,
				59E425E02078B0560046EB84 /* Utilities */,
			);
			path = BattleNetAPI;
			sourceTree = "<group>";
		};
		59E425B7207871C50046EB84 /* BattleNetAPITests */ = {
			isa = PBXGroup;
			children = (
				59E425B8207871C50046EB84 /* BattleNetAPITests.swift */,
				591981F4209AD41200ADE60F /* AuthenticationTests.swift */,
				591981F7209AE9C500ADE60F /* Diablo3Tests.swift */,
				591981F9209AF14C00ADE60F /* StarCraft2Tests.swift */,
				591981FB209AF17600ADE60F /* WorldOfWarcraftTests.swift */,
				59E425BA207871C50046EB84 /* Info.plist */,
			);
			path = BattleNetAPITests;
			sourceTree = "<group>";
		};
		59E425C5207871FD0046EB84 /* Model */ = {
			isa = PBXGroup;
			children = (
				5941816922A588150078B7D2 /* Auth */,
				59E425DB2078A3970046EB84 /* ModelControllers */,
				59E425D820789ACA0046EB84 /* Object */,
			);
			path = Model;
			sourceTree = "<group>";
		};
		59E425D520789A5C0046EB84 /* Network */ = {
			isa = PBXGroup;
			children = (
				59B7BD1824A9667800B7CAC7 /* APICall.swift */,
				5941816722A4D3B00078B7D2 /* API_Enums.swift */,
				59E425D3207884DE0046EB84 /* BattleNetAPI.swift */,
				59E425CB207874450046EB84 /* HTTPError.swift */,
				59E425D120787FEF0046EB84 /* HTTPHeader.swift */,
				59B7BD1A24A9689000B7CAC7 /* HTTPWebService.swift */,
				59E425C9207872EC0046EB84 /* Network.swift */,
				59E425CF20787F990046EB84 /* WebService.swift */,
				59E425CD20787F640046EB84 /* WS_Authentication.swift */,
				59397CDF207C5FE20077018E /* WS_Diablo3.swift */,
				59397CD9207C47EB0077018E /* WS_StarCraft2.swift */,
				59397CD1207B50520077018E /* WS_User.swift */,
				5954B1B9207A9D2900CC36D1 /* WS_WorldOfWarcraft.swift */,
			);
			path = Network;
			sourceTree = "<group>";
		};
		59E425D820789ACA0046EB84 /* Object */ = {
			isa = PBXGroup;
			children = (
				59397CE3207C63CC0077018E /* D3 */,
				5941816622A4CC550078B7D2 /* Network */,
				59397CE2207C620A0077018E /* SC2 */,
				593A3AE12080042A0047B4C0 /* Shared */,
				59397CE1207C61D10077018E /* WOW */,
			);
			path = Object;
			sourceTree = "<group>";
		};
		59E425DB2078A3970046EB84 /* ModelControllers */ = {
			isa = PBXGroup;
			children = (
				59E425D92078A3930046EB84 /* AuthenticationModelController.swift */,
				59397CE4207C63E70077018E /* Diablo3ModelController.swift */,
				59397CDB207C49070077018E /* StarCraft2ModelController.swift */,
				593B3474207ACBCA002C8BFB /* WorldOfWarcraftModelController.swift */,
				59397CD5207B534E0077018E /* UserModelController.swift */,
			);
			path = ModelControllers;
			sourceTree = "<group>";
		};
		59E425E02078B0560046EB84 /* Utilities */ = {
			isa = PBXGroup;
			children = (
				5954B1B7207A8B7900CC36D1 /* JSONHelper.swift */,
				593F23282265329F00C5F1F5 /* Result.swift */,
				59B7BD1C24A96E0000B7CAC7 /* Publisher+JSON.swift */,
				59B7BD1E24A96E5F00B7CAC7 /* URLSession+Request.swift */,
				5967ACC22088DC85009BFBAF /* URL+Query.swift */,
				59B7BD2024A96F7C00B7CAC7 /* URLRequest+.swift */,
			);
			path = Utilities;
			sourceTree = "<group>";
		};
/* End PBXGroup section */

/* Begin PBXHeadersBuildPhase section */
		598AC0D324A9B6B0002F2ED3 /* Headers */ = {
			isa = PBXHeadersBuildPhase;
			buildActionMask = 2147483647;
			files = (
				598AC0DC24A9B6B0002F2ED3 /* BattleNetAPI.h in Headers */,
			);
			runOnlyForDeploymentPostprocessing = 0;
		};
/* End PBXHeadersBuildPhase section */

/* Begin PBXNativeTarget section */
		598AC0D724A9B6B0002F2ED3 /* BattleNetAPI */ = {
			isa = PBXNativeTarget;
			buildConfigurationList = 598AC0DD24A9B6B0002F2ED3 /* Build configuration list for PBXNativeTarget "BattleNetAPI" */;
			buildPhases = (
				598AC0D324A9B6B0002F2ED3 /* Headers */,
				598AC0D424A9B6B0002F2ED3 /* Sources */,
				598AC0D524A9B6B0002F2ED3 /* Frameworks */,
				598AC0D624A9B6B0002F2ED3 /* Resources */,
			);
			buildRules = (
			);
			dependencies = (
			);
			name = BattleNetAPI;
			productName = BattleNetAPI;
			productReference = 598AC0D824A9B6B0002F2ED3 /* BattleNetAPI.framework */;
			productType = "com.apple.product-type.framework";
		};
		598AC17B24AB1350002F2ED3 /* BattleNetAPITests */ = {
			isa = PBXNativeTarget;
			buildConfigurationList = 598AC18424AB1350002F2ED3 /* Build configuration list for PBXNativeTarget "BattleNetAPITests" */;
			buildPhases = (
				598AC17824AB1350002F2ED3 /* Sources */,
				598AC17924AB1350002F2ED3 /* Frameworks */,
				598AC17A24AB1350002F2ED3 /* Resources */,
			);
			buildRules = (
			);
			dependencies = (
				598AC18324AB1350002F2ED3 /* PBXTargetDependency */,
			);
			name = BattleNetAPITests;
			productName = BattleNetAPITests;
			productReference = 598AC17C24AB1350002F2ED3 /* BattleNetAPITests.xctest */;
			productType = "com.apple.product-type.bundle.unit-test";
		};
/* End PBXNativeTarget section */

/* Begin PBXProject section */
		59E42598207871C20046EB84 /* Project object */ = {
			isa = PBXProject;
			attributes = {
				LastSwiftUpdateCheck = 1200;
				LastUpgradeCheck = 1000;
				ORGANIZATIONNAME = "Prismatic Games";
				TargetAttributes = {
					598AC0D724A9B6B0002F2ED3 = {
						CreatedOnToolsVersion = 12.0;
					};
					598AC17B24AB1350002F2ED3 = {
						CreatedOnToolsVersion = 12.0;
					};
				};
			};
			buildConfigurationList = 59E4259B207871C20046EB84 /* Build configuration list for PBXProject "BattleNetAPI" */;
			compatibilityVersion = "Xcode 9.3";
			developmentRegion = en;
			hasScannedForEncodings = 0;
			knownRegions = (
				en,
				Base,
			);
			mainGroup = 59E42597207871C20046EB84;
			productRefGroup = 59E425A1207871C20046EB84 /* Products */;
			projectDirPath = "";
			projectRoot = "";
			targets = (
				598AC0D724A9B6B0002F2ED3 /* BattleNetAPI */,
				598AC17B24AB1350002F2ED3 /* BattleNetAPITests */,
			);
		};
/* End PBXProject section */

/* Begin PBXResourcesBuildPhase section */
		598AC0D624A9B6B0002F2ED3 /* Resources */ = {
			isa = PBXResourcesBuildPhase;
			buildActionMask = 2147483647;
			files = (
			);
			runOnlyForDeploymentPostprocessing = 0;
		};
		598AC17A24AB1350002F2ED3 /* Resources */ = {
			isa = PBXResourcesBuildPhase;
			buildActionMask = 2147483647;
			files = (
			);
			runOnlyForDeploymentPostprocessing = 0;
		};
/* End PBXResourcesBuildPhase section */

/* Begin PBXSourcesBuildPhase section */
		598AC0D424A9B6B0002F2ED3 /* Sources */ = {
			isa = PBXSourcesBuildPhase;
			buildActionMask = 2147483647;
			files = (
				598AC12C24A9B71F002F2ED3 /* WS_Authentication.swift in Sources */,
				598AC11424A9B710002F2ED3 /* PowerType.swift in Sources */,
				598AC0FB24A9B704002F2ED3 /* SC2Achievement.swift in Sources */,
				598AC10724A9B710002F2ED3 /* Battlegroups.swift in Sources */,
				598AC10124A9B709002F2ED3 /* ResourceLink.swift in Sources */,
				598AC10B24A9B710002F2ED3 /* WOWCharacter.swift in Sources */,
				598AC0E624A9B6F5002F2ED3 /* D3Skill.swift in Sources */,
				598AC11B24A9B710002F2ED3 /* MythicKeystoneDungeon.swift in Sources */,
				598AC0FD24A9B704002F2ED3 /* SC2Category.swift in Sources */,
				598AC11024A9B710002F2ED3 /* Specialization.swift in Sources */,
				598AC12224A9B71F002F2ED3 /* WS_StarCraft2.swift in Sources */,
				598AC11324A9B710002F2ED3 /* Talent.swift in Sources */,
				598AC0EE24A9B6F5002F2ED3 /* Follower.swift in Sources */,
				598AC0E524A9B6F5002F2ED3 /* Artisan.swift in Sources */,
				598AC0F924A9B704002F2ED3 /* LeagueEnums.swift in Sources */,
				598AC11F24A9B710002F2ED3 /* Pet.swift in Sources */,
				598AC0FF24A9B709002F2ED3 /* Media.swift in Sources */,
				598AC12A24A9B71F002F2ED3 /* APICall.swift in Sources */,
				598AC10C24A9B710002F2ED3 /* WOWLeaderboard.swift in Sources */,
				598AC12B24A9B71F002F2ED3 /* WS_WorldOfWarcraft.swift in Sources */,
				598AC12924A9B71F002F2ED3 /* WS_Diablo3.swift in Sources */,
				598AC0F424A9B704002F2ED3 /* SC2Criteria.swift in Sources */,
				598AC11624A9B710002F2ED3 /* Spell.swift in Sources */,
				598AC10624A9B710002F2ED3 /* MythicChallengeMode.swift in Sources */,
				598AC11524A9B710002F2ED3 /* WOWItem.swift in Sources */,
				598AC11D24A9B710002F2ED3 /* ConnectedRealm.swift in Sources */,
				598AC0E824A9B6F5002F2ED3 /* Hero.swift in Sources */,
				598AC0ED24A9B6F5002F2ED3 /* D3Season.swift in Sources */,
				598AC11724A9B710002F2ED3 /* User.swift in Sources */,
				598AC0F824A9B704002F2ED3 /* SC2Reward.swift in Sources */,
				598AC10824A9B710002F2ED3 /* WOWRecipe.swift in Sources */,
				598AC12724A9B71F002F2ED3 /* HTTPError.swift in Sources */,
				598AC11E24A9B710002F2ED3 /* Auction.swift in Sources */,
				598AC10324A9B710002F2ED3 /* TokenIndex.swift in Sources */,
				598AC12624A9B71F002F2ED3 /* WS_User.swift in Sources */,
				598AC0FA24A9B704002F2ED3 /* SC2Season.swift in Sources */,
				598AC13224A9B731002F2ED3 /* Publisher+JSON.swift in Sources */,
				598AC10924A9B710002F2ED3 /* Realm.swift in Sources */,
				598AC0F624A9B704002F2ED3 /* League.swift in Sources */,
				598AC13124A9B731002F2ED3 /* URLRequest+.swift in Sources */,
				598AC12424A9B71F002F2ED3 /* WebService.swift in Sources */,
				598AC10224A9B710002F2ED3 /* Challenge.swift in Sources */,
				598AC0F224A9B6FF002F2ED3 /* Access.swift in Sources */,
				598AC12D24A9B71F002F2ED3 /* HTTPHeader.swift in Sources */,
				598AC10F24A9B710002F2ED3 /* Perk.swift in Sources */,
				598AC11824A9B710002F2ED3 /* WOWClass.swift in Sources */,
				598AC10D24A9B710002F2ED3 /* Region.swift in Sources */,
				598AC0E924A9B6F5002F2ED3 /* D3Item.swift in Sources */,
				598AC12524A9B71F002F2ED3 /* Network.swift in Sources */,
				598AC11124A9B710002F2ED3 /* Zone.swift in Sources */,
				598AC11224A9B710002F2ED3 /* Mount.swift in Sources */,
				598AC0E724A9B6F5002F2ED3 /* D3Profile.swift in Sources */,
				598AC10424A9B710002F2ED3 /* WOWAchievement.swift in Sources */,
				598AC0F324A9B6FF002F2ED3 /* ClientToken.swift in Sources */,
				598AC11C24A9B710002F2ED3 /* MythicLeaderboard.swift in Sources */,
				598AC13024A9B731002F2ED3 /* Result.swift in Sources */,
				598AC0EB24A9B6F5002F2ED3 /* D3Class.swift in Sources */,
				598AC12324A9B71F002F2ED3 /* BattleNetAPI.swift in Sources */,
				598AC0E124A9B6E4002F2ED3 /* Diablo3ModelController.swift in Sources */,
				598AC0FC24A9B704002F2ED3 /* Ladder.swift in Sources */,
				598AC0F724A9B704002F2ED3 /* Matches.swift in Sources */,
				598AC0E024A9B6E2002F2ED3 /* AuthenticationModelController.swift in Sources */,
				598AC0E224A9B6E7002F2ED3 /* StarCraft2ModelController.swift in Sources */,
				598AC12F24A9B731002F2ED3 /* URLSession+Request.swift in Sources */,
				598AC17624AB04A1002F2ED3 /* AuthToken.swift in Sources */,
				598AC11A24A9B710002F2ED3 /* WOWQuest.swift in Sources */,
				598AC11924A9B710002F2ED3 /* Boss.swift in Sources */,
				598AC13524A9B731002F2ED3 /* URL+Query.swift in Sources */,
				598AC0E324A9B6EA002F2ED3 /* WorldOfWarcraftModelController.swift in Sources */,
				598AC0EF24A9B6F5002F2ED3 /* Era.swift in Sources */,
				598AC10A24A9B710002F2ED3 /* MythicKeystoneAffix.swift in Sources */,
				598AC0FE24A9B709002F2ED3 /* Locale.swift in Sources */,
				598AC13624A9B731002F2ED3 /* JSONHelper.swift in Sources */,
				598AC0E424A9B6EC002F2ED3 /* UserModelController.swift in Sources */,
				598AC0EC24A9B6F5002F2ED3 /* D3Leaderboard.swift in Sources */,
				598AC0EA24A9B6F5002F2ED3 /* Act.swift in Sources */,
				598AC12124A9B71F002F2ED3 /* API_Enums.swift in Sources */,
				598AC0F124A9B6FF002F2ED3 /* UserToken.swift in Sources */,
				598AC17524AB0484002F2ED3 /* AuthenticationManager.swift in Sources */,
				598AC12824A9B71F002F2ED3 /* HTTPWebService.swift in Sources */,
				598AC0F524A9B704002F2ED3 /* SC2Profile.swift in Sources */,
				598AC10024A9B709002F2ED3 /* Image.swift in Sources */,
				598AC0F024A9B6FF002F2ED3 /* Scope.swift in Sources */,
				598AC10E24A9B710002F2ED3 /* MythicKeystoneProfile.swift in Sources */,
				598AC10524A9B710002F2ED3 /* Guild.swift in Sources */,
			);
			runOnlyForDeploymentPostprocessing = 0;
		};
		598AC17824AB1350002F2ED3 /* Sources */ = {
			isa = PBXSourcesBuildPhase;
			buildActionMask = 2147483647;
			files = (
				598AC18A24AB13A8002F2ED3 /* Diablo3Tests.swift in Sources */,
				598AC18724AB1380002F2ED3 /* BattleNetAPITests.swift in Sources */,
				598AC18C24AB13AB002F2ED3 /* WorldOfWarcraftTests.swift in Sources */,
				598AC18924AB13A6002F2ED3 /* AuthenticationTests.swift in Sources */,
				598AC18B24AB13AA002F2ED3 /* StarCraft2Tests.swift in Sources */,
				59BC551624AB22A300E6F312 /* AuthToken.swift in Sources */,
			);
			runOnlyForDeploymentPostprocessing = 0;
		};
/* End PBXSourcesBuildPhase section */

/* Begin PBXTargetDependency section */
		598AC18324AB1350002F2ED3 /* PBXTargetDependency */ = {
			isa = PBXTargetDependency;
			target = 598AC0D724A9B6B0002F2ED3 /* BattleNetAPI */;
			targetProxy = 598AC18224AB1350002F2ED3 /* PBXContainerItemProxy */;
		};
/* End PBXTargetDependency section */

/* Begin XCBuildConfiguration section */
		598AC0DE24A9B6B0002F2ED3 /* Debug */ = {
			isa = XCBuildConfiguration;
			buildSettings = {
				CLANG_WARN_QUOTED_INCLUDE_IN_FRAMEWORK_HEADER = YES;
				CODE_SIGN_STYLE = Automatic;
				CURRENT_PROJECT_VERSION = 1;
				DEFINES_MODULE = YES;
				DEVELOPMENT_TEAM = W5SXX2FNDK;
				DYLIB_COMPATIBILITY_VERSION = 1;
				DYLIB_CURRENT_VERSION = 1;
				DYLIB_INSTALL_NAME_BASE = "@rpath";
				INFOPLIST_FILE = "$(SRCROOT)/Resources/Info.plist";
				INSTALL_PATH = "$(LOCAL_LIBRARY_DIR)/Frameworks";
				IPHONEOS_DEPLOYMENT_TARGET = 13.0;
				LD_RUNPATH_SEARCH_PATHS = (
					"$(inherited)",
					"@executable_path/Frameworks",
					"@loader_path/Frameworks",
				);
				MTL_ENABLE_DEBUG_INFO = INCLUDE_SOURCE;
				MTL_FAST_MATH = YES;
				PRODUCT_BUNDLE_IDENTIFIER = "com.prismatic-games.BattleNetAPI";
				PRODUCT_NAME = "$(TARGET_NAME:c99extidentifier)";
				SKIP_INSTALL = YES;
				SWIFT_VERSION = 5.0;
				TARGETED_DEVICE_FAMILY = "1,2";
				VERSIONING_SYSTEM = "apple-generic";
				VERSION_INFO_PREFIX = "";
			};
			name = Debug;
		};
		598AC0DF24A9B6B0002F2ED3 /* Release */ = {
			isa = XCBuildConfiguration;
			buildSettings = {
				CLANG_WARN_QUOTED_INCLUDE_IN_FRAMEWORK_HEADER = YES;
				CODE_SIGN_STYLE = Automatic;
				CURRENT_PROJECT_VERSION = 1;
				DEFINES_MODULE = YES;
				DEVELOPMENT_TEAM = W5SXX2FNDK;
				DYLIB_COMPATIBILITY_VERSION = 1;
				DYLIB_CURRENT_VERSION = 1;
				DYLIB_INSTALL_NAME_BASE = "@rpath";
				INFOPLIST_FILE = "$(SRCROOT)/Resources/Info.plist";
				INSTALL_PATH = "$(LOCAL_LIBRARY_DIR)/Frameworks";
				IPHONEOS_DEPLOYMENT_TARGET = 13.0;
				LD_RUNPATH_SEARCH_PATHS = (
					"$(inherited)",
					"@executable_path/Frameworks",
					"@loader_path/Frameworks",
				);
				MTL_FAST_MATH = YES;
				PRODUCT_BUNDLE_IDENTIFIER = "com.prismatic-games.BattleNetAPI";
				PRODUCT_NAME = "$(TARGET_NAME:c99extidentifier)";
				SKIP_INSTALL = YES;
				SWIFT_VERSION = 5.0;
				TARGETED_DEVICE_FAMILY = "1,2";
				VERSIONING_SYSTEM = "apple-generic";
				VERSION_INFO_PREFIX = "";
			};
			name = Release;
		};
		598AC18524AB1350002F2ED3 /* Debug */ = {
			isa = XCBuildConfiguration;
			buildSettings = {
				CLANG_WARN_QUOTED_INCLUDE_IN_FRAMEWORK_HEADER = YES;
				CODE_SIGN_STYLE = Automatic;
				DEVELOPMENT_TEAM = W5SXX2FNDK;
				INFOPLIST_FILE = BattleNetAPITests/Info.plist;
				IPHONEOS_DEPLOYMENT_TARGET = 13.0;
				LD_RUNPATH_SEARCH_PATHS = (
					"$(inherited)",
					"@executable_path/Frameworks",
					"@loader_path/Frameworks",
				);
				MTL_ENABLE_DEBUG_INFO = INCLUDE_SOURCE;
				MTL_FAST_MATH = YES;
				PRODUCT_BUNDLE_IDENTIFIER = "com.prismatic-games.BattleNetAPITests";
				PRODUCT_NAME = "$(TARGET_NAME)";
				SWIFT_VERSION = 5.0;
				TARGETED_DEVICE_FAMILY = "1,2";
			};
			name = Debug;
		};
		598AC18624AB1350002F2ED3 /* Release */ = {
			isa = XCBuildConfiguration;
			buildSettings = {
				CLANG_WARN_QUOTED_INCLUDE_IN_FRAMEWORK_HEADER = YES;
				CODE_SIGN_STYLE = Automatic;
				DEVELOPMENT_TEAM = W5SXX2FNDK;
				INFOPLIST_FILE = BattleNetAPITests/Info.plist;
				IPHONEOS_DEPLOYMENT_TARGET = 13.0;
				LD_RUNPATH_SEARCH_PATHS = (
					"$(inherited)",
					"@executable_path/Frameworks",
					"@loader_path/Frameworks",
				);
				MTL_FAST_MATH = YES;
				PRODUCT_BUNDLE_IDENTIFIER = "com.prismatic-games.BattleNetAPITests";
				PRODUCT_NAME = "$(TARGET_NAME)";
				SWIFT_VERSION = 5.0;
				TARGETED_DEVICE_FAMILY = "1,2";
			};
			name = Release;
		};
		59E425BB207871C50046EB84 /* Debug */ = {
			isa = XCBuildConfiguration;
			buildSettings = {
				ALWAYS_SEARCH_USER_PATHS = NO;
				CLANG_ANALYZER_NONNULL = YES;
				CLANG_ANALYZER_NUMBER_OBJECT_CONVERSION = YES_AGGRESSIVE;
				CLANG_CXX_LANGUAGE_STANDARD = "gnu++14";
				CLANG_CXX_LIBRARY = "libc++";
				CLANG_ENABLE_MODULES = YES;
				CLANG_ENABLE_OBJC_ARC = YES;
				CLANG_ENABLE_OBJC_WEAK = YES;
				CLANG_WARN_BLOCK_CAPTURE_AUTORELEASING = YES;
				CLANG_WARN_BOOL_CONVERSION = YES;
				CLANG_WARN_COMMA = YES;
				CLANG_WARN_CONSTANT_CONVERSION = YES;
				CLANG_WARN_DEPRECATED_OBJC_IMPLEMENTATIONS = YES;
				CLANG_WARN_DIRECT_OBJC_ISA_USAGE = YES_ERROR;
				CLANG_WARN_DOCUMENTATION_COMMENTS = YES;
				CLANG_WARN_EMPTY_BODY = YES;
				CLANG_WARN_ENUM_CONVERSION = YES;
				CLANG_WARN_INFINITE_RECURSION = YES;
				CLANG_WARN_INT_CONVERSION = YES;
				CLANG_WARN_NON_LITERAL_NULL_CONVERSION = YES;
				CLANG_WARN_OBJC_IMPLICIT_RETAIN_SELF = YES;
				CLANG_WARN_OBJC_LITERAL_CONVERSION = YES;
				CLANG_WARN_OBJC_ROOT_CLASS = YES_ERROR;
				CLANG_WARN_RANGE_LOOP_ANALYSIS = YES;
				CLANG_WARN_STRICT_PROTOTYPES = YES;
				CLANG_WARN_SUSPICIOUS_MOVE = YES;
				CLANG_WARN_UNGUARDED_AVAILABILITY = YES_AGGRESSIVE;
				CLANG_WARN_UNREACHABLE_CODE = YES;
				CLANG_WARN__DUPLICATE_METHOD_MATCH = YES;
				CODE_SIGN_IDENTITY = "iPhone Developer";
				COPY_PHASE_STRIP = NO;
				DEBUG_INFORMATION_FORMAT = dwarf;
				ENABLE_STRICT_OBJC_MSGSEND = YES;
				ENABLE_TESTABILITY = YES;
				GCC_C_LANGUAGE_STANDARD = gnu11;
				GCC_DYNAMIC_NO_PIC = NO;
				GCC_NO_COMMON_BLOCKS = YES;
				GCC_OPTIMIZATION_LEVEL = 0;
				GCC_PREPROCESSOR_DEFINITIONS = (
					"DEBUG=1",
					"$(inherited)",
				);
				GCC_WARN_64_TO_32_BIT_CONVERSION = YES;
				GCC_WARN_ABOUT_RETURN_TYPE = YES_ERROR;
				GCC_WARN_UNDECLARED_SELECTOR = YES;
				GCC_WARN_UNINITIALIZED_AUTOS = YES_AGGRESSIVE;
				GCC_WARN_UNUSED_FUNCTION = YES;
				GCC_WARN_UNUSED_VARIABLE = YES;
				IPHONEOS_DEPLOYMENT_TARGET = 13.0;
				MTL_ENABLE_DEBUG_INFO = YES;
				ONLY_ACTIVE_ARCH = YES;
				SDKROOT = iphoneos;
				SWIFT_ACTIVE_COMPILATION_CONDITIONS = DEBUG;
				SWIFT_OPTIMIZATION_LEVEL = "-Onone";
			};
			name = Debug;
		};
		59E425BC207871C50046EB84 /* Release */ = {
			isa = XCBuildConfiguration;
			buildSettings = {
				ALWAYS_SEARCH_USER_PATHS = NO;
				CLANG_ANALYZER_NONNULL = YES;
				CLANG_ANALYZER_NUMBER_OBJECT_CONVERSION = YES_AGGRESSIVE;
				CLANG_CXX_LANGUAGE_STANDARD = "gnu++14";
				CLANG_CXX_LIBRARY = "libc++";
				CLANG_ENABLE_MODULES = YES;
				CLANG_ENABLE_OBJC_ARC = YES;
				CLANG_ENABLE_OBJC_WEAK = YES;
				CLANG_WARN_BLOCK_CAPTURE_AUTORELEASING = YES;
				CLANG_WARN_BOOL_CONVERSION = YES;
				CLANG_WARN_COMMA = YES;
				CLANG_WARN_CONSTANT_CONVERSION = YES;
				CLANG_WARN_DEPRECATED_OBJC_IMPLEMENTATIONS = YES;
				CLANG_WARN_DIRECT_OBJC_ISA_USAGE = YES_ERROR;
				CLANG_WARN_DOCUMENTATION_COMMENTS = YES;
				CLANG_WARN_EMPTY_BODY = YES;
				CLANG_WARN_ENUM_CONVERSION = YES;
				CLANG_WARN_INFINITE_RECURSION = YES;
				CLANG_WARN_INT_CONVERSION = YES;
				CLANG_WARN_NON_LITERAL_NULL_CONVERSION = YES;
				CLANG_WARN_OBJC_IMPLICIT_RETAIN_SELF = YES;
				CLANG_WARN_OBJC_LITERAL_CONVERSION = YES;
				CLANG_WARN_OBJC_ROOT_CLASS = YES_ERROR;
				CLANG_WARN_RANGE_LOOP_ANALYSIS = YES;
				CLANG_WARN_STRICT_PROTOTYPES = YES;
				CLANG_WARN_SUSPICIOUS_MOVE = YES;
				CLANG_WARN_UNGUARDED_AVAILABILITY = YES_AGGRESSIVE;
				CLANG_WARN_UNREACHABLE_CODE = YES;
				CLANG_WARN__DUPLICATE_METHOD_MATCH = YES;
				CODE_SIGN_IDENTITY = "iPhone Developer";
				COPY_PHASE_STRIP = NO;
				DEBUG_INFORMATION_FORMAT = "dwarf-with-dsym";
				ENABLE_NS_ASSERTIONS = NO;
				ENABLE_STRICT_OBJC_MSGSEND = YES;
				GCC_C_LANGUAGE_STANDARD = gnu11;
				GCC_NO_COMMON_BLOCKS = YES;
				GCC_WARN_64_TO_32_BIT_CONVERSION = YES;
				GCC_WARN_ABOUT_RETURN_TYPE = YES_ERROR;
				GCC_WARN_UNDECLARED_SELECTOR = YES;
				GCC_WARN_UNINITIALIZED_AUTOS = YES_AGGRESSIVE;
				GCC_WARN_UNUSED_FUNCTION = YES;
				GCC_WARN_UNUSED_VARIABLE = YES;
				IPHONEOS_DEPLOYMENT_TARGET = 13.0;
				MTL_ENABLE_DEBUG_INFO = NO;
				SDKROOT = iphoneos;
				SWIFT_COMPILATION_MODE = wholemodule;
				SWIFT_OPTIMIZATION_LEVEL = "-O";
				VALIDATE_PRODUCT = YES;
			};
			name = Release;
		};
/* End XCBuildConfiguration section */

/* Begin XCConfigurationList section */
		598AC0DD24A9B6B0002F2ED3 /* Build configuration list for PBXNativeTarget "BattleNetAPI" */ = {
			isa = XCConfigurationList;
			buildConfigurations = (
				598AC0DE24A9B6B0002F2ED3 /* Debug */,
				598AC0DF24A9B6B0002F2ED3 /* Release */,
			);
			defaultConfigurationIsVisible = 0;
			defaultConfigurationName = Release;
		};
		598AC18424AB1350002F2ED3 /* Build configuration list for PBXNativeTarget "BattleNetAPITests" */ = {
			isa = XCConfigurationList;
			buildConfigurations = (
				598AC18524AB1350002F2ED3 /* Debug */,
				598AC18624AB1350002F2ED3 /* Release */,
			);
			defaultConfigurationIsVisible = 0;
			defaultConfigurationName = Release;
		};
		59E4259B207871C20046EB84 /* Build configuration list for PBXProject "BattleNetAPI" */ = {
			isa = XCConfigurationList;
			buildConfigurations = (
				59E425BB207871C50046EB84 /* Debug */,
				59E425BC207871C50046EB84 /* Release */,
			);
			defaultConfigurationIsVisible = 0;
			defaultConfigurationName = Release;
		};
/* End XCConfigurationList section */
	};
	rootObject = 59E42598207871C20046EB84 /* Project object */;
}
